
Microsoft Visual Studio Solution File, Format Version 12.00
# Visual Studio Version 17
VisualStudioVersion = 17.5.002.0
MinimumVisualStudioVersion = 10.0.40219.1
Project("{9A19103F-16F7-4668-BE54-9A1E7A4F7556}") = "lunsjbotten", "lunsjbotten.csproj", "{33BB447F-F862-4F66-A110-E3A774B392EF}"
EndProject
Global
	GlobalSection(SolutionConfigurationPlatforms) = preSolution
		Debug|Any CPU = Debug|Any CPU
		Release|Any CPU = Release|Any CPU
	EndGlobalSection
	GlobalSection(ProjectConfigurationPlatforms) = postSolution
		{33BB447F-F862-4F66-A110-E3A774B392EF}.Debug|Any CPU.ActiveCfg = Debug|Any CPU
		{33BB447F-F862-4F66-A110-E3A774B392EF}.Debug|Any CPU.Build.0 = Debug|Any CPU
		{33BB447F-F862-4F66-A110-E3A774B392EF}.Release|Any CPU.ActiveCfg = Release|Any CPU
		{33BB447F-F862-4F66-A110-E3A774B392EF}.Release|Any CPU.Build.0 = Release|Any CPU
	EndGlobalSection
	GlobalSection(SolutionProperties) = preSolution
		HideSolutionNode = FALSE
	EndGlobalSection
	GlobalSection(ExtensibilityGlobals) = postSolution
		SolutionGuid = {EAE06785-EB68-4900-A574-133773B85719}
	EndGlobalSection
EndGlobal
